
Microsoft Visual Studio Solution File, Format Version 12.00
Project("{FAE04EC0-301F-11D3-BF4B-00C04F79EFBC}") = "TestMultipleProjects", "TestMultipleProjects.csproj", "{2532E224-447B-4C36-9404-C696DFD3F982}"
EndProject
Project("{FAE04EC0-301F-11D3-BF4B-00C04F79EFBC}") = "AuthTest", "AuthTest\AuthTest.csproj", "{58183A4F-90EF-4221-B664-2B71A549CA25}"
EndProject
Global
	GlobalSection(SolutionConfigurationPlatforms) = preSolution
		Debug|Any CPU = Debug|Any CPU
		Release|Any CPU = Release|Any CPU
	EndGlobalSection
	GlobalSection(ProjectConfigurationPlatforms) = postSolution
		{2532E224-447B-4C36-9404-C696DFD3F982}.Debug|Any CPU.ActiveCfg = Debug|Any CPU
		{2532E224-447B-4C36-9404-C696DFD3F982}.Debug|Any CPU.Build.0 = Debug|Any CPU
		{2532E224-447B-4C36-9404-C696DFD3F982}.Release|Any CPU.ActiveCfg = Release|Any CPU
		{2532E224-447B-4C36-9404-C696DFD3F982}.Release|Any CPU.Build.0 = Release|Any CPU
		{58183A4F-90EF-4221-B664-2B71A549CA25}.Debug|Any CPU.ActiveCfg = Debug|Any CPU
		{58183A4F-90EF-4221-B664-2B71A549CA25}.Debug|Any CPU.Build.0 = Debug|Any CPU
		{58183A4F-90EF-4221-B664-2B71A549CA25}.Release|Any CPU.ActiveCfg = Release|Any CPU
		{58183A4F-90EF-4221-B664-2B71A549CA25}.Release|Any CPU.Build.0 = Release|Any CPU
	EndGlobalSection
EndGlobal
